
Microsoft Visual Studio Solution File, Format Version 12.00
# Visual Studio Version 17
VisualStudioVersion = 17.2.32519.379
MinimumVisualStudioVersion = 10.0.40219.1
Project("{FAE04EC0-301F-11D3-BF4B-00C04F79EFBC}") = "View", "View\View.csproj", "{5310CDAB-6E6C-4A6A-859F-8A6BE57C49F8}"
EndProject
Project("{FAE04EC0-301F-11D3-BF4B-00C04F79EFBC}") = "ViewModel", "ViewModel\ViewModel.csproj", "{58F1B03C-9034-4E4F-86BA-009E6DBDDFA3}"
EndProject
Project("{FAE04EC0-301F-11D3-BF4B-00C04F79EFBC}") = "Model", "Model\Model.csproj", "{DB6D206E-9C04-4643-B2E4-CD98CB786197}"
EndProject
Global
	GlobalSection(SolutionConfigurationPlatforms) = preSolution
		Debug|Any CPU = Debug|Any CPU
		Release|Any CPU = Release|Any CPU
	EndGlobalSection
	GlobalSection(ProjectConfigurationPlatforms) = postSolution
		{5310CDAB-6E6C-4A6A-859F-8A6BE57C49F8}.Debug|Any CPU.ActiveCfg = Debug|Any CPU
		{5310CDAB-6E6C-4A6A-859F-8A6BE57C49F8}.Debug|Any CPU.Build.0 = Debug|Any CPU
		{5310CDAB-6E6C-4A6A-859F-8A6BE57C49F8}.Release|Any CPU.ActiveCfg = Release|Any CPU
		{5310CDAB-6E6C-4A6A-859F-8A6BE57C49F8}.Release|Any CPU.Build.0 = Release|Any CPU
		{58F1B03C-9034-4E4F-86BA-009E6DBDDFA3}.Debug|Any CPU.ActiveCfg = Debug|Any CPU
		{58F1B03C-9034-4E4F-86BA-009E6DBDDFA3}.Debug|Any CPU.Build.0 = Debug|Any CPU
		{58F1B03C-9034-4E4F-86BA-009E6DBDDFA3}.Release|Any CPU.ActiveCfg = Release|Any CPU
		{58F1B03C-9034-4E4F-86BA-009E6DBDDFA3}.Release|Any CPU.Build.0 = Release|Any CPU
		{DB6D206E-9C04-4643-B2E4-CD98CB786197}.Debug|Any CPU.ActiveCfg = Debug|Any CPU
		{DB6D206E-9C04-4643-B2E4-CD98CB786197}.Debug|Any CPU.Build.0 = Debug|Any CPU
		{DB6D206E-9C04-4643-B2E4-CD98CB786197}.Release|Any CPU.ActiveCfg = Release|Any CPU
		{DB6D206E-9C04-4643-B2E4-CD98CB786197}.Release|Any CPU.Build.0 = Release|Any CPU
	EndGlobalSection
	GlobalSection(SolutionProperties) = preSolution
		HideSolutionNode = FALSE
	EndGlobalSection
	GlobalSection(ExtensibilityGlobals) = postSolution
		SolutionGuid = {1134947D-69C8-4089-83B7-DEED3EFA637D}
	EndGlobalSection
EndGlobal
